
Microsoft Visual Studio Solution File, Format Version 12.00
# Visual Studio Version 17
VisualStudioVersion = 17.4.33205.214
MinimumVisualStudioVersion = 10.0.40219.1
Project("{FAE04EC0-301F-11D3-BF4B-00C04F79EFBC}") = "MVCPrimeiraCriacao", "MVCPrimeiraCriacao.csproj", "{7A2F0258-CAEF-471D-9784-9ACE847E5935}"
EndProject
Global
	GlobalSection(SolutionConfigurationPlatforms) = preSolution
		Debug|Any CPU = Debug|Any CPU
		Release|Any CPU = Release|Any CPU
	EndGlobalSection
	GlobalSection(ProjectConfigurationPlatforms) = postSolution
		{7A2F0258-CAEF-471D-9784-9ACE847E5935}.Debug|Any CPU.ActiveCfg = Debug|Any CPU
		{7A2F0258-CAEF-471D-9784-9ACE847E5935}.Debug|Any CPU.Build.0 = Debug|Any CPU
		{7A2F0258-CAEF-471D-9784-9ACE847E5935}.Release|Any CPU.ActiveCfg = Release|Any CPU
		{7A2F0258-CAEF-471D-9784-9ACE847E5935}.Release|Any CPU.Build.0 = Release|Any CPU
	EndGlobalSection
	GlobalSection(SolutionProperties) = preSolution
		HideSolutionNode = FALSE
	EndGlobalSection
	GlobalSection(ExtensibilityGlobals) = postSolution
		SolutionGuid = {6FE164E2-E20E-4073-AEE0-AD40AF9FBB5B}
	EndGlobalSection
EndGlobal
