
Microsoft Visual Studio Solution File, Format Version 12.00
# Visual Studio Version 17
VisualStudioVersion = 17.4.33205.214
MinimumVisualStudioVersion = 10.0.40219.1
Project("{FAE04EC0-301F-11D3-BF4B-00C04F79EFBC}") = "PrimeiroProjeto", "PrimeiroProjeto\PrimeiroProjeto.csproj", "{145FAC98-C986-4289-90C5-EFBF81515A55}"
EndProject
Global
	GlobalSection(SolutionConfigurationPlatforms) = preSolution
		Debug|Any CPU = Debug|Any CPU
		Release|Any CPU = Release|Any CPU
	EndGlobalSection
	GlobalSection(ProjectConfigurationPlatforms) = postSolution
		{145FAC98-C986-4289-90C5-EFBF81515A55}.Debug|Any CPU.ActiveCfg = Debug|Any CPU
		{145FAC98-C986-4289-90C5-EFBF81515A55}.Debug|Any CPU.Build.0 = Debug|Any CPU
		{145FAC98-C986-4289-90C5-EFBF81515A55}.Release|Any CPU.ActiveCfg = Release|Any CPU
		{145FAC98-C986-4289-90C5-EFBF81515A55}.Release|Any CPU.Build.0 = Release|Any CPU
	EndGlobalSection
	GlobalSection(SolutionProperties) = preSolution
		HideSolutionNode = FALSE
	EndGlobalSection
	GlobalSection(ExtensibilityGlobals) = postSolution
		SolutionGuid = {A0D42EFD-6C8B-450A-86D4-7B828A823D30}
	EndGlobalSection
EndGlobal
