
Microsoft Visual Studio Solution File, Format Version 12.00
# Visual Studio Version 17
VisualStudioVersion = 17.4.33205.214
MinimumVisualStudioVersion = 10.0.40219.1
Project("{FAE04EC0-301F-11D3-BF4B-00C04F79EFBC}") = "SextoProjeto", "SextoProjeto\SextoProjeto.csproj", "{FFCE7CFF-57EF-40CE-916F-F57551604B25}"
EndProject
Global
	GlobalSection(SolutionConfigurationPlatforms) = preSolution
		Debug|Any CPU = Debug|Any CPU
		Release|Any CPU = Release|Any CPU
	EndGlobalSection
	GlobalSection(ProjectConfigurationPlatforms) = postSolution
		{FFCE7CFF-57EF-40CE-916F-F57551604B25}.Debug|Any CPU.ActiveCfg = Debug|Any CPU
		{FFCE7CFF-57EF-40CE-916F-F57551604B25}.Debug|Any CPU.Build.0 = Debug|Any CPU
		{FFCE7CFF-57EF-40CE-916F-F57551604B25}.Release|Any CPU.ActiveCfg = Release|Any CPU
		{FFCE7CFF-57EF-40CE-916F-F57551604B25}.Release|Any CPU.Build.0 = Release|Any CPU
	EndGlobalSection
	GlobalSection(SolutionProperties) = preSolution
		HideSolutionNode = FALSE
	EndGlobalSection
	GlobalSection(ExtensibilityGlobals) = postSolution
		SolutionGuid = {23B00DCA-5CC2-4B69-8B0E-3544297B0AAE}
	EndGlobalSection
EndGlobal
