
Microsoft Visual Studio Solution File, Format Version 12.00
# Visual Studio Version 17
VisualStudioVersion = 17.4.33205.214
MinimumVisualStudioVersion = 10.0.40219.1
Project("{FAE04EC0-301F-11D3-BF4B-00C04F79EFBC}") = "1_PrimeiraProva", "1_PrimeiraProva\1_PrimeiraProva.csproj", "{9588EC58-2F79-40D6-BD4D-22A066DDB10F}"
EndProject
Global
	GlobalSection(SolutionConfigurationPlatforms) = preSolution
		Debug|Any CPU = Debug|Any CPU
		Release|Any CPU = Release|Any CPU
	EndGlobalSection
	GlobalSection(ProjectConfigurationPlatforms) = postSolution
		{9588EC58-2F79-40D6-BD4D-22A066DDB10F}.Debug|Any CPU.ActiveCfg = Debug|Any CPU
		{9588EC58-2F79-40D6-BD4D-22A066DDB10F}.Debug|Any CPU.Build.0 = Debug|Any CPU
		{9588EC58-2F79-40D6-BD4D-22A066DDB10F}.Release|Any CPU.ActiveCfg = Release|Any CPU
		{9588EC58-2F79-40D6-BD4D-22A066DDB10F}.Release|Any CPU.Build.0 = Release|Any CPU
	EndGlobalSection
	GlobalSection(SolutionProperties) = preSolution
		HideSolutionNode = FALSE
	EndGlobalSection
	GlobalSection(ExtensibilityGlobals) = postSolution
		SolutionGuid = {C2FA6CE7-AF3C-4069-9755-55A94E5036D4}
	EndGlobalSection
EndGlobal
