
Microsoft Visual Studio Solution File, Format Version 12.00
# Visual Studio Version 17
VisualStudioVersion = 17.4.33205.214
MinimumVisualStudioVersion = 10.0.40219.1
Project("{FAE04EC0-301F-11D3-BF4B-00C04F79EFBC}") = "CadastrarVeiculos", "CadastrarVeiculos.csproj", "{11DD2E3D-543A-4766-938D-2E7E53EE2A38}"
EndProject
Global
	GlobalSection(SolutionConfigurationPlatforms) = preSolution
		Debug|Any CPU = Debug|Any CPU
		Release|Any CPU = Release|Any CPU
	EndGlobalSection
	GlobalSection(ProjectConfigurationPlatforms) = postSolution
		{11DD2E3D-543A-4766-938D-2E7E53EE2A38}.Debug|Any CPU.ActiveCfg = Debug|Any CPU
		{11DD2E3D-543A-4766-938D-2E7E53EE2A38}.Debug|Any CPU.Build.0 = Debug|Any CPU
		{11DD2E3D-543A-4766-938D-2E7E53EE2A38}.Release|Any CPU.ActiveCfg = Release|Any CPU
		{11DD2E3D-543A-4766-938D-2E7E53EE2A38}.Release|Any CPU.Build.0 = Release|Any CPU
	EndGlobalSection
	GlobalSection(SolutionProperties) = preSolution
		HideSolutionNode = FALSE
	EndGlobalSection
	GlobalSection(ExtensibilityGlobals) = postSolution
		SolutionGuid = {8520C3A4-B4EA-4B6C-8920-BEE1FFF5FB29}
	EndGlobalSection
EndGlobal
